
Microsoft Visual Studio Solution File, Format Version 12.00
# Visual Studio Version 17
VisualStudioVersion = 17.0.31903.59
MinimumVisualStudioVersion = 10.0.40219.1
Project("{FAE04EC0-301F-11D3-BF4B-00C04F79EFBC}") = "UserService", "UserService\UserService.csproj", "{AAB78192-5EF0-4540-9823-79830458E9DF}"
EndProject
Project("{FAE04EC0-301F-11D3-BF4B-00C04F79EFBC}") = "UserService.Tests", "UserService.Tests\UserService.Tests.csproj", "{3398E64B-BA05-488E-A95D-8CD5D56331DA}"
EndProject
Project("{FAE04EC0-301F-11D3-BF4B-00C04F79EFBC}") = "ClassService", "ClassService\ClassService.csproj", "{475405D8-507F-4D3A-98AE-4B097933C542}"
EndProject
Project("{FAE04EC0-301F-11D3-BF4B-00C04F79EFBC}") = "ClassService.Tests", "ClassService.Tests\ClassService.Tests.csproj", "{C6E1382C-40EA-437E-8D48-CF789859D1F7}"
EndProject
Project("{FAE04EC0-301F-11D3-BF4B-00C04F79EFBC}") = "LockerService", "LockerService\LockerService.csproj", "{F0778A3C-37AC-4E34-BBA7-58BB6F70C0EA}"
EndProject
Project("{FAE04EC0-301F-11D3-BF4B-00C04F79EFBC}") = "LockerService.Tests", "LockerService.Tests\LockerService.Tests.csproj", "{43B9300C-B477-4858-A006-8F59D2CB510C}"
EndProject
Project("{FAE04EC0-301F-11D3-BF4B-00C04F79EFBC}") = "WorkoutService", "WorkoutService\WorkoutService.csproj", "{D217CD88-2077-48F4-A91A-06D2C404F9AB}"
EndProject
Project("{FAE04EC0-301F-11D3-BF4B-00C04F79EFBC}") = "WorkoutService.Tests", "WorkoutService.Tests\WorkoutService.Tests.csproj", "{0B91FD10-6096-4581-AAB5-360C45C7394E}"
EndProject
Project("{FAE04EC0-301F-11D3-BF4B-00C04F79EFBC}") = "AuthService", "AuthService\AuthService.csproj", "{BB73657A-88D8-45B9-984E-3D00493E7B04}"
EndProject
Project("{FAE04EC0-301F-11D3-BF4B-00C04F79EFBC}") = "AuthService.Tests", "AuthService.Tests\AuthService.Tests.csproj", "{64A84A47-5428-41EA-8DD3-AD72E227331E}"
EndProject
Project("{FAE04EC0-301F-11D3-BF4B-00C04F79EFBC}") = "FriendService", "FriendService\FriendService.csproj", "{6BA4D5A5-28D0-4476-9672-EA2A54917BC0}"
EndProject
Project("{FAE04EC0-301F-11D3-BF4B-00C04F79EFBC}") = "FriendService.Tests", "FriendService.Tests\FriendService.Tests.csproj", "{E74CFD4F-D968-4FE2-A334-C3D7EB7E2014}"
EndProject
Project("{2150E333-8FDC-42A3-9474-1A3956D46DE8}") = "Shared", "Shared", "{1D9F515A-A660-47A8-82EC-1C2F4E037199}"
EndProject
Project("{FAE04EC0-301F-11D3-BF4B-00C04F79EFBC}") = "Shared.Models", "Shared\Shared.Models\Shared.Models.csproj", "{0C604052-8657-4686-AA93-2AA32D8F6BD0}"
EndProject
Project("{FAE04EC0-301F-11D3-BF4B-00C04F79EFBC}") = "FitLifeFitness", "Frontend\FitLifeFitness.csproj", "{352BB3EB-51DE-442C-8688-09AE66118EE2}"
EndProject
Global
	GlobalSection(SolutionConfigurationPlatforms) = preSolution
		Debug|Any CPU = Debug|Any CPU
		Release|Any CPU = Release|Any CPU
	EndGlobalSection
	GlobalSection(SolutionProperties) = preSolution
		HideSolutionNode = FALSE
	EndGlobalSection
	GlobalSection(ProjectConfigurationPlatforms) = postSolution
		{AAB78192-5EF0-4540-9823-79830458E9DF}.Debug|Any CPU.ActiveCfg = Debug|Any CPU
		{AAB78192-5EF0-4540-9823-79830458E9DF}.Debug|Any CPU.Build.0 = Debug|Any CPU
		{AAB78192-5EF0-4540-9823-79830458E9DF}.Release|Any CPU.ActiveCfg = Release|Any CPU
		{AAB78192-5EF0-4540-9823-79830458E9DF}.Release|Any CPU.Build.0 = Release|Any CPU
		{3398E64B-BA05-488E-A95D-8CD5D56331DA}.Debug|Any CPU.ActiveCfg = Debug|Any CPU
		{3398E64B-BA05-488E-A95D-8CD5D56331DA}.Debug|Any CPU.Build.0 = Debug|Any CPU
		{3398E64B-BA05-488E-A95D-8CD5D56331DA}.Release|Any CPU.ActiveCfg = Release|Any CPU
		{3398E64B-BA05-488E-A95D-8CD5D56331DA}.Release|Any CPU.Build.0 = Release|Any CPU
		{475405D8-507F-4D3A-98AE-4B097933C542}.Debug|Any CPU.ActiveCfg = Debug|Any CPU
		{475405D8-507F-4D3A-98AE-4B097933C542}.Debug|Any CPU.Build.0 = Debug|Any CPU
		{475405D8-507F-4D3A-98AE-4B097933C542}.Release|Any CPU.ActiveCfg = Release|Any CPU
		{475405D8-507F-4D3A-98AE-4B097933C542}.Release|Any CPU.Build.0 = Release|Any CPU
		{C6E1382C-40EA-437E-8D48-CF789859D1F7}.Debug|Any CPU.ActiveCfg = Debug|Any CPU
		{C6E1382C-40EA-437E-8D48-CF789859D1F7}.Debug|Any CPU.Build.0 = Debug|Any CPU
		{C6E1382C-40EA-437E-8D48-CF789859D1F7}.Release|Any CPU.ActiveCfg = Release|Any CPU
		{C6E1382C-40EA-437E-8D48-CF789859D1F7}.Release|Any CPU.Build.0 = Release|Any CPU
		{F0778A3C-37AC-4E34-BBA7-58BB6F70C0EA}.Debug|Any CPU.ActiveCfg = Debug|Any CPU
		{F0778A3C-37AC-4E34-BBA7-58BB6F70C0EA}.Debug|Any CPU.Build.0 = Debug|Any CPU
		{F0778A3C-37AC-4E34-BBA7-58BB6F70C0EA}.Release|Any CPU.ActiveCfg = Release|Any CPU
		{F0778A3C-37AC-4E34-BBA7-58BB6F70C0EA}.Release|Any CPU.Build.0 = Release|Any CPU
		{43B9300C-B477-4858-A006-8F59D2CB510C}.Debug|Any CPU.ActiveCfg = Debug|Any CPU
		{43B9300C-B477-4858-A006-8F59D2CB510C}.Debug|Any CPU.Build.0 = Debug|Any CPU
		{43B9300C-B477-4858-A006-8F59D2CB510C}.Release|Any CPU.ActiveCfg = Release|Any CPU
		{43B9300C-B477-4858-A006-8F59D2CB510C}.Release|Any CPU.Build.0 = Release|Any CPU
		{D217CD88-2077-48F4-A91A-06D2C404F9AB}.Debug|Any CPU.ActiveCfg = Debug|Any CPU
		{D217CD88-2077-48F4-A91A-06D2C404F9AB}.Debug|Any CPU.Build.0 = Debug|Any CPU
		{D217CD88-2077-48F4-A91A-06D2C404F9AB}.Release|Any CPU.ActiveCfg = Release|Any CPU
		{D217CD88-2077-48F4-A91A-06D2C404F9AB}.Release|Any CPU.Build.0 = Release|Any CPU
		{0B91FD10-6096-4581-AAB5-360C45C7394E}.Debug|Any CPU.ActiveCfg = Debug|Any CPU
		{0B91FD10-6096-4581-AAB5-360C45C7394E}.Debug|Any CPU.Build.0 = Debug|Any CPU
		{0B91FD10-6096-4581-AAB5-360C45C7394E}.Release|Any CPU.ActiveCfg = Release|Any CPU
		{0B91FD10-6096-4581-AAB5-360C45C7394E}.Release|Any CPU.Build.0 = Release|Any CPU
		{BB73657A-88D8-45B9-984E-3D00493E7B04}.Debug|Any CPU.ActiveCfg = Debug|Any CPU
		{BB73657A-88D8-45B9-984E-3D00493E7B04}.Debug|Any CPU.Build.0 = Debug|Any CPU
		{BB73657A-88D8-45B9-984E-3D00493E7B04}.Release|Any CPU.ActiveCfg = Release|Any CPU
		{BB73657A-88D8-45B9-984E-3D00493E7B04}.Release|Any CPU.Build.0 = Release|Any CPU
		{64A84A47-5428-41EA-8DD3-AD72E227331E}.Debug|Any CPU.ActiveCfg = Debug|Any CPU
		{64A84A47-5428-41EA-8DD3-AD72E227331E}.Debug|Any CPU.Build.0 = Debug|Any CPU
		{64A84A47-5428-41EA-8DD3-AD72E227331E}.Release|Any CPU.ActiveCfg = Release|Any CPU
		{64A84A47-5428-41EA-8DD3-AD72E227331E}.Release|Any CPU.Build.0 = Release|Any CPU
		{6BA4D5A5-28D0-4476-9672-EA2A54917BC0}.Debug|Any CPU.ActiveCfg = Debug|Any CPU
		{6BA4D5A5-28D0-4476-9672-EA2A54917BC0}.Debug|Any CPU.Build.0 = Debug|Any CPU
		{6BA4D5A5-28D0-4476-9672-EA2A54917BC0}.Release|Any CPU.ActiveCfg = Release|Any CPU
		{6BA4D5A5-28D0-4476-9672-EA2A54917BC0}.Release|Any CPU.Build.0 = Release|Any CPU
		{E74CFD4F-D968-4FE2-A334-C3D7EB7E2014}.Debug|Any CPU.ActiveCfg = Debug|Any CPU
		{E74CFD4F-D968-4FE2-A334-C3D7EB7E2014}.Debug|Any CPU.Build.0 = Debug|Any CPU
		{E74CFD4F-D968-4FE2-A334-C3D7EB7E2014}.Release|Any CPU.ActiveCfg = Release|Any CPU
		{E74CFD4F-D968-4FE2-A334-C3D7EB7E2014}.Release|Any CPU.Build.0 = Release|Any CPU
		{0C604052-8657-4686-AA93-2AA32D8F6BD0}.Debug|Any CPU.ActiveCfg = Debug|Any CPU
		{0C604052-8657-4686-AA93-2AA32D8F6BD0}.Debug|Any CPU.Build.0 = Debug|Any CPU
		{0C604052-8657-4686-AA93-2AA32D8F6BD0}.Release|Any CPU.ActiveCfg = Release|Any CPU
		{0C604052-8657-4686-AA93-2AA32D8F6BD0}.Release|Any CPU.Build.0 = Release|Any CPU
		{352BB3EB-51DE-442C-8688-09AE66118EE2}.Debug|Any CPU.ActiveCfg = Debug|Any CPU
		{352BB3EB-51DE-442C-8688-09AE66118EE2}.Debug|Any CPU.Build.0 = Debug|Any CPU
		{352BB3EB-51DE-442C-8688-09AE66118EE2}.Release|Any CPU.ActiveCfg = Release|Any CPU
		{352BB3EB-51DE-442C-8688-09AE66118EE2}.Release|Any CPU.Build.0 = Release|Any CPU
	EndGlobalSection
	GlobalSection(NestedProjects) = preSolution
		{0C604052-8657-4686-AA93-2AA32D8F6BD0} = {1D9F515A-A660-47A8-82EC-1C2F4E037199}
	EndGlobalSection
EndGlobal
